// !$*UTF8*$!
{
	archiveVersion = 1;
	classes = {
	};
	objectVersion = 56;
	objects = {

/* Begin PBXBuildFile section */
		73CBBA0429188FD900DEEF02 /* AppDelegate.swift in Sources */ = {isa = PBXBuildFile; fileRef = 73CBBA0329188FD900DEEF02 /* AppDelegate.swift */; };
		73CBBA0629188FD900DEEF02 /* SceneDelegate.swift in Sources */ = {isa = PBXBuildFile; fileRef = 73CBBA0529188FD900DEEF02 /* SceneDelegate.swift */; };
		73CBBA0B29188FD900DEEF02 /* Main.storyboard in Resources */ = {isa = PBXBuildFile; fileRef = 73CBBA0929188FD900DEEF02 /* Main.storyboard */; };
		73CBBA0D29188FDA00DEEF02 /* Assets.xcassets in Resources */ = {isa = PBXBuildFile; fileRef = 73CBBA0C29188FDA00DEEF02 /* Assets.xcassets */; };
		73CBBA1029188FDA00DEEF02 /* LaunchScreen.storyboard in Resources */ = {isa = PBXBuildFile; fileRef = 73CBBA0E29188FDA00DEEF02 /* LaunchScreen.storyboard */; };
		73CBBA1A291894EF00DEEF02 /* FavoritesList.swift in Sources */ = {isa = PBXBuildFile; fileRef = 73CBBA19291894EF00DEEF02 /* FavoritesList.swift */; };
		73CBBA1C2918988000DEEF02 /* RootViewController.swift in Sources */ = {isa = PBXBuildFile; fileRef = 73CBBA1B2918988000DEEF02 /* RootViewController.swift */; };
		73CBBA1E29189EB800DEEF02 /* FontListViewController.swift in Sources */ = {isa = PBXBuildFile; fileRef = 73CBBA1D29189EB800DEEF02 /* FontListViewController.swift */; };
		73CBBA202918AC4900DEEF02 /* FontSizesViewController.swift in Sources */ = {isa = PBXBuildFile; fileRef = 73CBBA1F2918AC4900DEEF02 /* FontSizesViewController.swift */; };
		73CBBA222918AEFD00DEEF02 /* FontInfoViewController.swift in Sources */ = {isa = PBXBuildFile; fileRef = 73CBBA212918AEFD00DEEF02 /* FontInfoViewController.swift */; };
/* End PBXBuildFile section */

/* Begin PBXFileReference section */
		73CBBA0029188FD900DEEF02 /* NavigationControllersApp.app */ = {isa = PBXFileReference; explicitFileType = wrapper.application; includeInIndex = 0; path = NavigationControllersApp.app; sourceTree = BUILT_PRODUCTS_DIR; };
		73CBBA0329188FD900DEEF02 /* AppDelegate.swift */ = {isa = PBXFileReference; lastKnownFileType = sourcecode.swift; path = AppDelegate.swift; sourceTree = "<group>"; };
		73CBBA0529188FD900DEEF02 /* SceneDelegate.swift */ = {isa = PBXFileReference; lastKnownFileType = sourcecode.swift; path = SceneDelegate.swift; sourceTree = "<group>"; };
		73CBBA0A29188FD900DEEF02 /* Base */ = {isa = PBXFileReference; lastKnownFileType = file.storyboard; name = Base; path = Base.lproj/Main.storyboard; sourceTree = "<group>"; };
		73CBBA0C29188FDA00DEEF02 /* Assets.xcassets */ = {isa = PBXFileReference; lastKnownFileType = folder.assetcatalog; path = Assets.xcassets; sourceTree = "<group>"; };
		73CBBA0F29188FDA00DEEF02 /* Base */ = {isa = PBXFileReference; lastKnownFileType = file.storyboard; name = Base; path = Base.lproj/LaunchScreen.storyboard; sourceTree = "<group>"; };
		73CBBA1129188FDA00DEEF02 /* Info.plist */ = {isa = PBXFileReference; lastKnownFileType = text.plist.xml; path = Info.plist; sourceTree = "<group>"; };
		73CBBA19291894EF00DEEF02 /* FavoritesList.swift */ = {isa = PBXFileReference; lastKnownFileType = sourcecode.swift; path = FavoritesList.swift; sourceTree = "<group>"; };
		73CBBA1B2918988000DEEF02 /* RootViewController.swift */ = {isa = PBXFileReference; lastKnownFileType = sourcecode.swift; path = RootViewController.swift; sourceTree = "<group>"; };
		73CBBA1D29189EB800DEEF02 /* FontListViewController.swift */ = {isa = PBXFileReference; lastKnownFileType = sourcecode.swift; path = FontListViewController.swift; sourceTree = "<group>"; };
		73CBBA1F2918AC4900DEEF02 /* FontSizesViewController.swift */ = {isa = PBXFileReference; lastKnownFileType = sourcecode.swift; path = FontSizesViewController.swift; sourceTree = "<group>"; };
		73CBBA212918AEFD00DEEF02 /* FontInfoViewController.swift */ = {isa = PBXFileReference; lastKnownFileType = sourcecode.swift; path = FontInfoViewController.swift; sourceTree = "<group>"; };
/* End PBXFileReference section */

/* Begin PBXFrameworksBuildPhase section */
		73CBB9FD29188FD900DEEF02 /* Frameworks */ = {
			isa = PBXFrameworksBuildPhase;
			buildActionMask = 2147483647;
			files = (
			);
			runOnlyForDeploymentPostprocessing = 0;
		};
/* End PBXFrameworksBuildPhase section */

/* Begin PBXGroup section */
		73CBB9F729188FD900DEEF02 = {
			isa = PBXGroup;
			children = (
				73CBBA0229188FD900DEEF02 /* NavigationControllersApp */,
				73CBBA0129188FD900DEEF02 /* Products */,
			);
			sourceTree = "<group>";
		};
		73CBBA0129188FD900DEEF02 /* Products */ = {
			isa = PBXGroup;
			children = (
				73CBBA0029188FD900DEEF02 /* NavigationControllersApp.app */,
			);
			name = Products;
			sourceTree = "<group>";
		};
		73CBBA0229188FD900DEEF02 /* NavigationControllersApp */ = {
			isa = PBXGroup;
			children = (
				73CBBA0329188FD900DEEF02 /* AppDelegate.swift */,
				73CBBA0529188FD900DEEF02 /* SceneDelegate.swift */,
				73CBBA0929188FD900DEEF02 /* Main.storyboard */,
				73CBBA0C29188FDA00DEEF02 /* Assets.xcassets */,
				73CBBA0E29188FDA00DEEF02 /* LaunchScreen.storyboard */,
				73CBBA1129188FDA00DEEF02 /* Info.plist */,
				73CBBA19291894EF00DEEF02 /* FavoritesList.swift */,
				73CBBA1B2918988000DEEF02 /* RootViewController.swift */,
				73CBBA1D29189EB800DEEF02 /* FontListViewController.swift */,
				73CBBA1F2918AC4900DEEF02 /* FontSizesViewController.swift */,
				73CBBA212918AEFD00DEEF02 /* FontInfoViewController.swift */,
			);
			path = NavigationControllersApp;
			sourceTree = "<group>";
		};
/* End PBXGroup section */

/* Begin PBXNativeTarget section */
		73CBB9FF29188FD900DEEF02 /* NavigationControllersApp */ = {
			isa = PBXNativeTarget;
			buildConfigurationList = 73CBBA1429188FDA00DEEF02 /* Build configuration list for PBXNativeTarget "NavigationControllersApp" */;
			buildPhases = (
				73CBB9FC29188FD900DEEF02 /* Sources */,
				73CBB9FD29188FD900DEEF02 /* Frameworks */,
				73CBB9FE29188FD900DEEF02 /* Resources */,
			);
			buildRules = (
			);
			dependencies = (
			);
			name = NavigationControllersApp;
			productName = NavigationControllersApp;
			productReference = 73CBBA0029188FD900DEEF02 /* NavigationControllersApp.app */;
			productType = "com.apple.product-type.application";
		};
/* End PBXNativeTarget section */

/* Begin PBXProject section */
		73CBB9F829188FD900DEEF02 /* Project object */ = {
			isa = PBXProject;
			attributes = {
				BuildIndependentTargetsInParallel = 1;
				LastSwiftUpdateCheck = 1410;
				LastUpgradeCheck = 1410;
				TargetAttributes = {
					73CBB9FF29188FD900DEEF02 = {
						CreatedOnToolsVersion = 14.1;
					};
				};
			};
			buildConfigurationList = 73CBB9FB29188FD900DEEF02 /* Build configuration list for PBXProject "NavigationControllersApp" */;
			compatibilityVersion = "Xcode 14.0";
			developmentRegion = en;
			hasScannedForEncodings = 0;
			knownRegions = (
				en,
				Base,
			);
			mainGroup = 73CBB9F729188FD900DEEF02;
			productRefGroup = 73CBBA0129188FD900DEEF02 /* Products */;
			projectDirPath = "";
			projectRoot = "";
			targets = (
				73CBB9FF29188FD900DEEF02 /* NavigationControllersApp */,
			);
		};
/* End PBXProject section */

/* Begin PBXResourcesBuildPhase section */
		73CBB9FE29188FD900DEEF02 /* Resources */ = {
			isa = PBXResourcesBuildPhase;
			buildActionMask = 2147483647;
			files = (
				73CBBA1029188FDA00DEEF02 /* LaunchScreen.storyboard in Resources */,
				73CBBA0D29188FDA00DEEF02 /* Assets.xcassets in Resources */,
				73CBBA0B29188FD900DEEF02 /* Main.storyboard in Resources */,
			);
			runOnlyForDeploymentPostprocessing = 0;
		};
/* End PBXResourcesBuildPhase section */

/* Begin PBXSourcesBuildPhase section */
		73CBB9FC29188FD900DEEF02 /* Sources */ = {
			isa = PBXSourcesBuildPhase;
			buildActionMask = 2147483647;
			files = (
				73CBBA1A291894EF00DEEF02 /* FavoritesList.swift in Sources */,
				73CBBA0429188FD900DEEF02 /* AppDelegate.swift in Sources */,
				73CBBA1E29189EB800DEEF02 /* FontListViewController.swift in Sources */,
				73CBBA1C2918988000DEEF02 /* RootViewController.swift in Sources */,
				73CBBA202918AC4900DEEF02 /* FontSizesViewController.swift in Sources */,
				73CBBA0629188FD900DEEF02 /* SceneDelegate.swift in Sources */,
				73CBBA222918AEFD00DEEF02 /* FontInfoViewController.swift in Sources */,
			);
			runOnlyForDeploymentPostprocessing = 0;
		};
/* End PBXSourcesBuildPhase section */

/* Begin PBXVariantGroup section */
		73CBBA0929188FD900DEEF02 /* Main.storyboard */ = {
			isa = PBXVariantGroup;
			children = (
				73CBBA0A29188FD900DEEF02 /* Base */,
			);
			name = Main.storyboard;
			sourceTree = "<group>";
		};
		73CBBA0E29188FDA00DEEF02 /* LaunchScreen.storyboard */ = {
			isa = PBXVariantGroup;
			children = (
				73CBBA0F29188FDA00DEEF02 /* Base */,
			);
			name = LaunchScreen.storyboard;
			sourceTree = "<group>";
		};
/* End PBXVariantGroup section */

/* Begin XCBuildConfiguration section */
		73CBBA1229188FDA00DEEF02 /* Debug */ = {
			isa = XCBuildConfiguration;
			buildSettings = {
				ALWAYS_SEARCH_USER_PATHS = NO;
				CLANG_ANALYZER_NONNULL = YES;
				CLANG_ANALYZER_NUMBER_OBJECT_CONVERSION = YES_AGGRESSIVE;
				CLANG_CXX_LANGUAGE_STANDARD = "gnu++20";
				CLANG_ENABLE_MODULES = YES;
				CLANG_ENABLE_OBJC_ARC = YES;
				CLANG_ENABLE_OBJC_WEAK = YES;
				CLANG_WARN_BLOCK_CAPTURE_AUTORELEASING = YES;
				CLANG_WARN_BOOL_CONVERSION = YES;
				CLANG_WARN_COMMA = YES;
				CLANG_WARN_CONSTANT_CONVERSION = YES;
				CLANG_WARN_DEPRECATED_OBJC_IMPLEMENTATIONS = YES;
				CLANG_WARN_DIRECT_OBJC_ISA_USAGE = YES_ERROR;
				CLANG_WARN_DOCUMENTATION_COMMENTS = YES;
				CLANG_WARN_EMPTY_BODY = YES;
				CLANG_WARN_ENUM_CONVERSION = YES;
				CLANG_WARN_INFINITE_RECURSION = YES;
				CLANG_WARN_INT_CONVERSION = YES;
				CLANG_WARN_NON_LITERAL_NULL_CONVERSION = YES;
				CLANG_WARN_OBJC_IMPLICIT_RETAIN_SELF = YES;
				CLANG_WARN_OBJC_LITERAL_CONVERSION = YES;
				CLANG_WARN_OBJC_ROOT_CLASS = YES_ERROR;
				CLANG_WARN_QUOTED_INCLUDE_IN_FRAMEWORK_HEADER = YES;
				CLANG_WARN_RANGE_LOOP_ANALYSIS = YES;
				CLANG_WARN_STRICT_PROTOTYPES = YES;
				CLANG_WARN_SUSPICIOUS_MOVE = YES;
				CLANG_WARN_UNGUARDED_AVAILABILITY = YES_AGGRESSIVE;
				CLANG_WARN_UNREACHABLE_CODE = YES;
				CLANG_WARN__DUPLICATE_METHOD_MATCH = YES;
				COPY_PHASE_STRIP = NO;
				DEBUG_INFORMATION_FORMAT = dwarf;
				ENABLE_STRICT_OBJC_MSGSEND = YES;
				ENABLE_TESTABILITY = YES;
				GCC_C_LANGUAGE_STANDARD = gnu11;
				GCC_DYNAMIC_NO_PIC = NO;
				GCC_NO_COMMON_BLOCKS = YES;
				GCC_OPTIMIZATION_LEVEL = 0;
				GCC_PREPROCESSOR_DEFINITIONS = (
					"DEBUG=1",
					"$(inherited)",
				);
				GCC_WARN_64_TO_32_BIT_CONVERSION = YES;
				GCC_WARN_ABOUT_RETURN_TYPE = YES_ERROR;
				GCC_WARN_UNDECLARED_SELECTOR = YES;
				GCC_WARN_UNINITIALIZED_AUTOS = YES_AGGRESSIVE;
				GCC_WARN_UNUSED_FUNCTION = YES;
				GCC_WARN_UNUSED_VARIABLE = YES;
				IPHONEOS_DEPLOYMENT_TARGET = 16.1;
				MTL_ENABLE_DEBUG_INFO = INCLUDE_SOURCE;
				MTL_FAST_MATH = YES;
				ONLY_ACTIVE_ARCH = YES;
				SDKROOT = iphoneos;
				SWIFT_ACTIVE_COMPILATION_CONDITIONS = DEBUG;
				SWIFT_OPTIMIZATION_LEVEL = "-Onone";
			};
			name = Debug;
		};
		73CBBA1329188FDA00DEEF02 /* Release */ = {
			isa = XCBuildConfiguration;
			buildSettings = {
				ALWAYS_SEARCH_USER_PATHS = NO;
				CLANG_ANALYZER_NONNULL = YES;
				CLANG_ANALYZER_NUMBER_OBJECT_CONVERSION = YES_AGGRESSIVE;
				CLANG_CXX_LANGUAGE_STANDARD = "gnu++20";
				CLANG_ENABLE_MODULES = YES;
				CLANG_ENABLE_OBJC_ARC = YES;
				CLANG_ENABLE_OBJC_WEAK = YES;
				CLANG_WARN_BLOCK_CAPTURE_AUTORELEASING = YES;
				CLANG_WARN_BOOL_CONVERSION = YES;
				CLANG_WARN_COMMA = YES;
				CLANG_WARN_CONSTANT_CONVERSION = YES;
				CLANG_WARN_DEPRECATED_OBJC_IMPLEMENTATIONS = YES;
				CLANG_WARN_DIRECT_OBJC_ISA_USAGE = YES_ERROR;
				CLANG_WARN_DOCUMENTATION_COMMENTS = YES;
				CLANG_WARN_EMPTY_BODY = YES;
				CLANG_WARN_ENUM_CONVERSION = YES;
				CLANG_WARN_INFINITE_RECURSION = YES;
				CLANG_WARN_INT_CONVERSION = YES;
				CLANG_WARN_NON_LITERAL_NULL_CONVERSION = YES;
				CLANG_WARN_OBJC_IMPLICIT_RETAIN_SELF = YES;
				CLANG_WARN_OBJC_LITERAL_CONVERSION = YES;
				CLANG_WARN_OBJC_ROOT_CLASS = YES_ERROR;
				CLANG_WARN_QUOTED_INCLUDE_IN_FRAMEWORK_HEADER = YES;
				CLANG_WARN_RANGE_LOOP_ANALYSIS = YES;
				CLANG_WARN_STRICT_PROTOTYPES = YES;
				CLANG_WARN_SUSPICIOUS_MOVE = YES;
				CLANG_WARN_UNGUARDED_AVAILABILITY = YES_AGGRESSIVE;
				CLANG_WARN_UNREACHABLE_CODE = YES;
				CLANG_WARN__DUPLICATE_METHOD_MATCH = YES;
				COPY_PHASE_STRIP = NO;
				DEBUG_INFORMATION_FORMAT = "dwarf-with-dsym";
				ENABLE_NS_ASSERTIONS = NO;
				ENABLE_STRICT_OBJC_MSGSEND = YES;
				GCC_C_LANGUAGE_STANDARD = gnu11;
				GCC_NO_COMMON_BLOCKS = YES;
				GCC_WARN_64_TO_32_BIT_CONVERSION = YES;
				GCC_WARN_ABOUT_RETURN_TYPE = YES_ERROR;
				GCC_WARN_UNDECLARED_SELECTOR = YES;
				GCC_WARN_UNINITIALIZED_AUTOS = YES_AGGRESSIVE;
				GCC_WARN_UNUSED_FUNCTION = YES;
				GCC_WARN_UNUSED_VARIABLE = YES;
				IPHONEOS_DEPLOYMENT_TARGET = 16.1;
				MTL_ENABLE_DEBUG_INFO = NO;
				MTL_FAST_MATH = YES;
				SDKROOT = iphoneos;
				SWIFT_COMPILATION_MODE = wholemodule;
				SWIFT_OPTIMIZATION_LEVEL = "-O";
				VALIDATE_PRODUCT = YES;
			};
			name = Release;
		};
		73CBBA1529188FDA00DEEF02 /* Debug */ = {
			isa = XCBuildConfiguration;
			buildSettings = {
				ASSETCATALOG_COMPILER_APPICON_NAME = AppIcon;
				ASSETCATALOG_COMPILER_GLOBAL_ACCENT_COLOR_NAME = AccentColor;
				CODE_SIGN_STYLE = Automatic;
				CURRENT_PROJECT_VERSION = 1;
				DEVELOPMENT_TEAM = 5GLSY64466;
				GENERATE_INFOPLIST_FILE = YES;
				INFOPLIST_FILE = NavigationControllersApp/Info.plist;
				INFOPLIST_KEY_UIApplicationSupportsIndirectInputEvents = YES;
				INFOPLIST_KEY_UILaunchStoryboardName = LaunchScreen;
				INFOPLIST_KEY_UIMainStoryboardFile = Main;
				INFOPLIST_KEY_UISupportedInterfaceOrientations_iPad = "UIInterfaceOrientationPortrait UIInterfaceOrientationPortraitUpsideDown UIInterfaceOrientationLandscapeLeft UIInterfaceOrientationLandscapeRight";
				INFOPLIST_KEY_UISupportedInterfaceOrientations_iPhone = "UIInterfaceOrientationPortrait UIInterfaceOrientationLandscapeLeft UIInterfaceOrientationLandscapeRight";
				LD_RUNPATH_SEARCH_PATHS = (
					"$(inherited)",
					"@executable_path/Frameworks",
				);
				MARKETING_VERSION = 1.0;
				PRODUCT_BUNDLE_IDENTIFIER = ca.centennialcollege.NavigationControllersApp;
				PRODUCT_NAME = "$(TARGET_NAME)";
				SWIFT_EMIT_LOC_STRINGS = YES;
				SWIFT_VERSION = 5.0;
				TARGETED_DEVICE_FAMILY = "1,2";
			};
			name = Debug;
		};
		73CBBA1629188FDA00DEEF02 /* Release */ = {
			isa = XCBuildConfiguration;
			buildSettings = {
				ASSETCATALOG_COMPILER_APPICON_NAME = AppIcon;
				ASSETCATALOG_COMPILER_GLOBAL_ACCENT_COLOR_NAME = AccentColor;
				CODE_SIGN_STYLE = Automatic;
				CURRENT_PROJECT_VERSION = 1;
				DEVELOPMENT_TEAM = 5GLSY64466;
				GENERATE_INFOPLIST_FILE = YES;
				INFOPLIST_FILE = NavigationControllersApp/Info.plist;
				INFOPLIST_KEY_UIApplicationSupportsIndirectInputEvents = YES;
				INFOPLIST_KEY_UILaunchStoryboardName = LaunchScreen;
				INFOPLIST_KEY_UIMainStoryboardFile = Main;
				INFOPLIST_KEY_UISupportedInterfaceOrientations_iPad = "UIInterfaceOrientationPortrait UIInterfaceOrientationPortraitUpsideDown UIInterfaceOrientationLandscapeLeft UIInterfaceOrientationLandscapeRight";
				INFOPLIST_KEY_UISupportedInterfaceOrientations_iPhone = "UIInterfaceOrientationPortrait UIInterfaceOrientationLandscapeLeft UIInterfaceOrientationLandscapeRight";
				LD_RUNPATH_SEARCH_PATHS = (
					"$(inherited)",
					"@executable_path/Frameworks",
				);
				MARKETING_VERSION = 1.0;
				PRODUCT_BUNDLE_IDENTIFIER = ca.centennialcollege.NavigationControllersApp;
				PRODUCT_NAME = "$(TARGET_NAME)";
				SWIFT_EMIT_LOC_STRINGS = YES;
				SWIFT_VERSION = 5.0;
				TARGETED_DEVICE_FAMILY = "1,2";
			};
			name = Release;
		};
/* End XCBuildConfiguration section */

/* Begin XCConfigurationList section */
		73CBB9FB29188FD900DEEF02 /* Build configuration list for PBXProject "NavigationControllersApp" */ = {
			isa = XCConfigurationList;
			buildConfigurations = (
				73CBBA1229188FDA00DEEF02 /* Debug */,
				73CBBA1329188FDA00DEEF02 /* Release */,
			);
			defaultConfigurationIsVisible = 0;
			defaultConfigurationName = Release;
		};
		73CBBA1429188FDA00DEEF02 /* Build configuration list for PBXNativeTarget "NavigationControllersApp" */ = {
			isa = XCConfigurationList;
			buildConfigurations = (
				73CBBA1529188FDA00DEEF02 /* Debug */,
				73CBBA1629188FDA00DEEF02 /* Release */,
			);
			defaultConfigurationIsVisible = 0;
			defaultConfigurationName = Release;
		};
/* End XCConfigurationList section */
	};
	rootObject = 73CBB9F829188FD900DEEF02 /* Project object */;
}
